
Microsoft Visual Studio Solution File, Format Version 12.00
# Visual Studio 15
VisualStudioVersion = 15.0.26730.16
MinimumVisualStudioVersion = 10.0.40219.1
Project("{D954291E-2A0B-460D-934E-DC6B0785DB48}") = "BeDonator", "BeDonator\BeDonator\BeDonator.shproj", "{E2DE0752-8DFD-4F77-9A6D-BBC1D2C71361}"
EndProject
Project("{FAE04EC0-301F-11D3-BF4B-00C04F79EFBC}") = "BeDonator.Android", "BeDonator\BeDonator.Android\BeDonator.Android.csproj", "{283EF347-558D-45C9-B96C-FC6B1BBE4363}"
EndProject
Project("{FAE04EC0-301F-11D3-BF4B-00C04F79EFBC}") = "BeDonator.iOS", "BeDonator\BeDonator.iOS\BeDonator.iOS.csproj", "{4DF575FE-0FDB-473A-8A56-668A83A8D4B6}"
EndProject
Project("{FAE04EC0-301F-11D3-BF4B-00C04F79EFBC}") = "BeDonator.UWP", "BeDonator\BeDonator.UWP\BeDonator.UWP.csproj", "{2C300044-52DA-4F96-AAC8-62A07BA7A1F4}"
EndProject
Global
	GlobalSection(SharedMSBuildProjectFiles) = preSolution
		BeDonator\BeDonator\BeDonator.projitems*{4df575fe-0fdb-473a-8a56-668a83a8d4b6}*SharedItemsImports = 4
		BeDonator\BeDonator\BeDonator.projitems*{e2de0752-8dfd-4f77-9a6d-bbc1d2c71361}*SharedItemsImports = 13
	EndGlobalSection
	GlobalSection(SolutionConfigurationPlatforms) = preSolution
		Debug|Any CPU = Debug|Any CPU
		Debug|ARM = Debug|ARM
		Debug|iPhone = Debug|iPhone
		Debug|iPhoneSimulator = Debug|iPhoneSimulator
		Debug|x64 = Debug|x64
		Debug|x86 = Debug|x86
		Release|Any CPU = Release|Any CPU
		Release|ARM = Release|ARM
		Release|iPhone = Release|iPhone
		Release|iPhoneSimulator = Release|iPhoneSimulator
		Release|x64 = Release|x64
		Release|x86 = Release|x86
	EndGlobalSection
	GlobalSection(ProjectConfigurationPlatforms) = postSolution
		{283EF347-558D-45C9-B96C-FC6B1BBE4363}.Debug|Any CPU.ActiveCfg = Debug|Any CPU
		{283EF347-558D-45C9-B96C-FC6B1BBE4363}.Debug|Any CPU.Build.0 = Debug|Any CPU
		{283EF347-558D-45C9-B96C-FC6B1BBE4363}.Debug|Any CPU.Deploy.0 = Debug|Any CPU
		{283EF347-558D-45C9-B96C-FC6B1BBE4363}.Debug|ARM.ActiveCfg = Debug|Any CPU
		{283EF347-558D-45C9-B96C-FC6B1BBE4363}.Debug|ARM.Build.0 = Debug|Any CPU
		{283EF347-558D-45C9-B96C-FC6B1BBE4363}.Debug|ARM.Deploy.0 = Debug|Any CPU
		{283EF347-558D-45C9-B96C-FC6B1BBE4363}.Debug|iPhone.ActiveCfg = Debug|Any CPU
		{283EF347-558D-45C9-B96C-FC6B1BBE4363}.Debug|iPhone.Build.0 = Debug|Any CPU
		{283EF347-558D-45C9-B96C-FC6B1BBE4363}.Debug|iPhone.Deploy.0 = Debug|Any CPU
		{283EF347-558D-45C9-B96C-FC6B1BBE4363}.Debug|iPhoneSimulator.ActiveCfg = Debug|Any CPU
		{283EF347-558D-45C9-B96C-FC6B1BBE4363}.Debug|iPhoneSimulator.Build.0 = Debug|Any CPU
		{283EF347-558D-45C9-B96C-FC6B1BBE4363}.Debug|iPhoneSimulator.Deploy.0 = Debug|Any CPU
		{283EF347-558D-45C9-B96C-FC6B1BBE4363}.Debug|x64.ActiveCfg = Debug|Any CPU
		{283EF347-558D-45C9-B96C-FC6B1BBE4363}.Debug|x64.Build.0 = Debug|Any CPU
		{283EF347-558D-45C9-B96C-FC6B1BBE4363}.Debug|x64.Deploy.0 = Debug|Any CPU
		{283EF347-558D-45C9-B96C-FC6B1BBE4363}.Debug|x86.ActiveCfg = Debug|Any CPU
		{283EF347-558D-45C9-B96C-FC6B1BBE4363}.Debug|x86.Build.0 = Debug|Any CPU
		{283EF347-558D-45C9-B96C-FC6B1BBE4363}.Debug|x86.Deploy.0 = Debug|Any CPU
		{283EF347-558D-45C9-B96C-FC6B1BBE4363}.Release|Any CPU.ActiveCfg = Release|Any CPU
		{283EF347-558D-45C9-B96C-FC6B1BBE4363}.Release|Any CPU.Build.0 = Release|Any CPU
		{283EF347-558D-45C9-B96C-FC6B1BBE4363}.Release|Any CPU.Deploy.0 = Release|Any CPU
		{283EF347-558D-45C9-B96C-FC6B1BBE4363}.Release|ARM.ActiveCfg = Release|Any CPU
		{283EF347-558D-45C9-B96C-FC6B1BBE4363}.Release|ARM.Build.0 = Release|Any CPU
		{283EF347-558D-45C9-B96C-FC6B1BBE4363}.Release|ARM.Deploy.0 = Release|Any CPU
		{283EF347-558D-45C9-B96C-FC6B1BBE4363}.Release|iPhone.ActiveCfg = Release|Any CPU
		{283EF347-558D-45C9-B96C-FC6B1BBE4363}.Release|iPhone.Build.0 = Release|Any CPU
		{283EF347-558D-45C9-B96C-FC6B1BBE4363}.Release|iPhone.Deploy.0 = Release|Any CPU
		{283EF347-558D-45C9-B96C-FC6B1BBE4363}.Release|iPhoneSimulator.ActiveCfg = Release|Any CPU
		{283EF347-558D-45C9-B96C-FC6B1BBE4363}.Release|iPhoneSimulator.Build.0 = Release|Any CPU
		{283EF347-558D-45C9-B96C-FC6B1BBE4363}.Release|iPhoneSimulator.Deploy.0 = Release|Any CPU
		{283EF347-558D-45C9-B96C-FC6B1BBE4363}.Release|x64.ActiveCfg = Release|Any CPU
		{283EF347-558D-45C9-B96C-FC6B1BBE4363}.Release|x64.Build.0 = Release|Any CPU
		{283EF347-558D-45C9-B96C-FC6B1BBE4363}.Release|x64.Deploy.0 = Release|Any CPU
		{283EF347-558D-45C9-B96C-FC6B1BBE4363}.Release|x86.ActiveCfg = Release|Any CPU
		{283EF347-558D-45C9-B96C-FC6B1BBE4363}.Release|x86.Build.0 = Release|Any CPU
		{283EF347-558D-45C9-B96C-FC6B1BBE4363}.Release|x86.Deploy.0 = Release|Any CPU
		{4DF575FE-0FDB-473A-8A56-668A83A8D4B6}.Debug|Any CPU.ActiveCfg = Debug|iPhone
		{4DF575FE-0FDB-473A-8A56-668A83A8D4B6}.Debug|ARM.ActiveCfg = Debug|iPhone
		{4DF575FE-0FDB-473A-8A56-668A83A8D4B6}.Debug|iPhone.ActiveCfg = Debug|iPhone
		{4DF575FE-0FDB-473A-8A56-668A83A8D4B6}.Debug|iPhone.Build.0 = Debug|iPhone
		{4DF575FE-0FDB-473A-8A56-668A83A8D4B6}.Debug|iPhoneSimulator.ActiveCfg = Debug|iPhoneSimulator
		{4DF575FE-0FDB-473A-8A56-668A83A8D4B6}.Debug|iPhoneSimulator.Build.0 = Debug|iPhoneSimulator
		{4DF575FE-0FDB-473A-8A56-668A83A8D4B6}.Debug|x64.ActiveCfg = Debug|iPhone
		{4DF575FE-0FDB-473A-8A56-668A83A8D4B6}.Debug|x86.ActiveCfg = Debug|iPhone
		{4DF575FE-0FDB-473A-8A56-668A83A8D4B6}.Release|Any CPU.ActiveCfg = Release|iPhone
		{4DF575FE-0FDB-473A-8A56-668A83A8D4B6}.Release|ARM.ActiveCfg = Release|iPhone
		{4DF575FE-0FDB-473A-8A56-668A83A8D4B6}.Release|iPhone.ActiveCfg = Release|iPhone
		{4DF575FE-0FDB-473A-8A56-668A83A8D4B6}.Release|iPhone.Build.0 = Release|iPhone
		{4DF575FE-0FDB-473A-8A56-668A83A8D4B6}.Release|iPhoneSimulator.ActiveCfg = Release|iPhoneSimulator
		{4DF575FE-0FDB-473A-8A56-668A83A8D4B6}.Release|iPhoneSimulator.Build.0 = Release|iPhoneSimulator
		{4DF575FE-0FDB-473A-8A56-668A83A8D4B6}.Release|x64.ActiveCfg = Release|iPhone
		{4DF575FE-0FDB-473A-8A56-668A83A8D4B6}.Release|x86.ActiveCfg = Release|iPhone
		{2C300044-52DA-4F96-AAC8-62A07BA7A1F4}.Debug|Any CPU.ActiveCfg = Debug|x86
		{2C300044-52DA-4F96-AAC8-62A07BA7A1F4}.Debug|ARM.ActiveCfg = Debug|ARM
		{2C300044-52DA-4F96-AAC8-62A07BA7A1F4}.Debug|ARM.Build.0 = Debug|ARM
		{2C300044-52DA-4F96-AAC8-62A07BA7A1F4}.Debug|ARM.Deploy.0 = Debug|ARM
		{2C300044-52DA-4F96-AAC8-62A07BA7A1F4}.Debug|iPhone.ActiveCfg = Debug|x86
		{2C300044-52DA-4F96-AAC8-62A07BA7A1F4}.Debug|iPhoneSimulator.ActiveCfg = Debug|x86
		{2C300044-52DA-4F96-AAC8-62A07BA7A1F4}.Debug|x64.ActiveCfg = Debug|x64
		{2C300044-52DA-4F96-AAC8-62A07BA7A1F4}.Debug|x64.Build.0 = Debug|x64
		{2C300044-52DA-4F96-AAC8-62A07BA7A1F4}.Debug|x64.Deploy.0 = Debug|x64
		{2C300044-52DA-4F96-AAC8-62A07BA7A1F4}.Debug|x86.ActiveCfg = Debug|x86
		{2C300044-52DA-4F96-AAC8-62A07BA7A1F4}.Debug|x86.Build.0 = Debug|x86
		{2C300044-52DA-4F96-AAC8-62A07BA7A1F4}.Debug|x86.Deploy.0 = Debug|x86
		{2C300044-52DA-4F96-AAC8-62A07BA7A1F4}.Release|Any CPU.ActiveCfg = Release|x86
		{2C300044-52DA-4F96-AAC8-62A07BA7A1F4}.Release|ARM.ActiveCfg = Release|ARM
		{2C300044-52DA-4F96-AAC8-62A07BA7A1F4}.Release|ARM.Build.0 = Release|ARM
		{2C300044-52DA-4F96-AAC8-62A07BA7A1F4}.Release|ARM.Deploy.0 = Release|ARM
		{2C300044-52DA-4F96-AAC8-62A07BA7A1F4}.Release|iPhone.ActiveCfg = Release|x86
		{2C300044-52DA-4F96-AAC8-62A07BA7A1F4}.Release|iPhoneSimulator.ActiveCfg = Release|x86
		{2C300044-52DA-4F96-AAC8-62A07BA7A1F4}.Release|x64.ActiveCfg = Release|x64
		{2C300044-52DA-4F96-AAC8-62A07BA7A1F4}.Release|x64.Build.0 = Release|x64
		{2C300044-52DA-4F96-AAC8-62A07BA7A1F4}.Release|x64.Deploy.0 = Release|x64
		{2C300044-52DA-4F96-AAC8-62A07BA7A1F4}.Release|x86.ActiveCfg = Release|x86
		{2C300044-52DA-4F96-AAC8-62A07BA7A1F4}.Release|x86.Build.0 = Release|x86
		{2C300044-52DA-4F96-AAC8-62A07BA7A1F4}.Release|x86.Deploy.0 = Release|x86
	EndGlobalSection
	GlobalSection(SolutionProperties) = preSolution
		HideSolutionNode = FALSE
	EndGlobalSection
	GlobalSection(ExtensibilityGlobals) = postSolution
		SolutionGuid = {5F26F314-5B5C-4C5B-A8E9-862AF16FC535}
	EndGlobalSection
EndGlobal
